// !$*UTF8*$!
{
	archiveVersion = 1;
	classes = {
	};
	objectVersion = 56;
	objects = {

/* Begin PBXBuildFile section */
		3B0DA15028E354440098F8A5 /* AppDelegate.swift in Sources */ = {isa = PBXBuildFile; fileRef = 3B0DA14F28E354440098F8A5 /* AppDelegate.swift */; };
		3B0DA15428E354440098F8A5 /* MoviesListViewController.swift in Sources */ = {isa = PBXBuildFile; fileRef = 3B0DA15328E354440098F8A5 /* MoviesListViewController.swift */; };
		3B0DA15928E354460098F8A5 /* Assets.xcassets in Resources */ = {isa = PBXBuildFile; fileRef = 3B0DA15828E354460098F8A5 /* Assets.xcassets */; };
		3B0DA15C28E354460098F8A5 /* LaunchScreen.storyboard in Resources */ = {isa = PBXBuildFile; fileRef = 3B0DA15A28E354460098F8A5 /* LaunchScreen.storyboard */; };
		3B0DA16728E354460098F8A5 /* MoviesTestTests.swift in Sources */ = {isa = PBXBuildFile; fileRef = 3B0DA16628E354460098F8A5 /* MoviesTestTests.swift */; };
		3B0DA18028E427A20098F8A5 /* Movie.swift in Sources */ = {isa = PBXBuildFile; fileRef = 3B0DA17F28E427A20098F8A5 /* Movie.swift */; };
		3B0DA18328E42E960098F8A5 /* MovieDetails.swift in Sources */ = {isa = PBXBuildFile; fileRef = 3B0DA18228E42E960098F8A5 /* MovieDetails.swift */; };
		3B0DA19E28E436170098F8A5 /* Coordinatable.swift in Sources */ = {isa = PBXBuildFile; fileRef = 3B0DA19A28E436170098F8A5 /* Coordinatable.swift */; };
		3B0DA19F28E436170098F8A5 /* BaseCoordinator.swift in Sources */ = {isa = PBXBuildFile; fileRef = 3B0DA19B28E436170098F8A5 /* BaseCoordinator.swift */; };
		3B0DA1A028E436170098F8A5 /* Router.swift in Sources */ = {isa = PBXBuildFile; fileRef = 3B0DA19D28E436170098F8A5 /* Router.swift */; };
		3B0DA1AE28E4363D0098F8A5 /* BaseViewController.swift in Sources */ = {isa = PBXBuildFile; fileRef = 3B0DA1A328E4363D0098F8A5 /* BaseViewController.swift */; };
		3B0DA1B528E4363D0098F8A5 /* BaseNavigationController.swift in Sources */ = {isa = PBXBuildFile; fileRef = 3B0DA1AA28E4363D0098F8A5 /* BaseNavigationController.swift */; };
		3B0DA1B928E436890098F8A5 /* ApplicationCoordinator.swift in Sources */ = {isa = PBXBuildFile; fileRef = 3B0DA1B828E436890098F8A5 /* ApplicationCoordinator.swift */; };
		3B0DA1BB28E437BE0098F8A5 /* ServiceErrorAlertPresenter.swift in Sources */ = {isa = PBXBuildFile; fileRef = 3B0DA1BA28E437BD0098F8A5 /* ServiceErrorAlertPresenter.swift */; };
		3B0DA1BE28E437FE0098F8A5 /* ErrorDeclarations.swift in Sources */ = {isa = PBXBuildFile; fileRef = 3B0DA1BD28E437FE0098F8A5 /* ErrorDeclarations.swift */; };
		3B0DA1C128E43BB70098F8A5 /* SnapKit in Frameworks */ = {isa = PBXBuildFile; productRef = 3B0DA1C028E43BB70098F8A5 /* SnapKit */; };
		3B78401528E446C100214729 /* AppConstants.swift in Sources */ = {isa = PBXBuildFile; fileRef = 3B78401428E446C100214729 /* AppConstants.swift */; };
		3B78401728E48B6E00214729 /* MoviesListViewModel.swift in Sources */ = {isa = PBXBuildFile; fileRef = 3B78401628E48B6E00214729 /* MoviesListViewModel.swift */; };
		3B78401928E48DCE00214729 /* BaseViewModel.swift in Sources */ = {isa = PBXBuildFile; fileRef = 3B78401828E48DCE00214729 /* BaseViewModel.swift */; };
		3B78401D28E4916500214729 /* Assets.swift in Sources */ = {isa = PBXBuildFile; fileRef = 3B78401C28E4916500214729 /* Assets.swift */; };
		3B78401F28E4B3F000214729 /* MovieCell.swift in Sources */ = {isa = PBXBuildFile; fileRef = 3B78401E28E4B3F000214729 /* MovieCell.swift */; };
		3B78402128E4B43100214729 /* MovieItemViewModel.swift in Sources */ = {isa = PBXBuildFile; fileRef = 3B78402028E4B43100214729 /* MovieItemViewModel.swift */; };
		3B78402328E4C14F00214729 /* MovieCell.xib in Resources */ = {isa = PBXBuildFile; fileRef = 3B78402228E4C14F00214729 /* MovieCell.xib */; };
		3B78402828E4C72200214729 /* APIOperation.swift in Sources */ = {isa = PBXBuildFile; fileRef = 3B78402628E4C72200214729 /* APIOperation.swift */; };
		3B78402928E4C72200214729 /* OperationService.swift in Sources */ = {isa = PBXBuildFile; fileRef = 3B78402728E4C72200214729 /* OperationService.swift */; };
		3B78402C28E4C76F00214729 /* Alamofire in Frameworks */ = {isa = PBXBuildFile; productRef = 3B78402B28E4C76F00214729 /* Alamofire */; };
		3B78402E28E4D4E200214729 /* MoviesListService.swift in Sources */ = {isa = PBXBuildFile; fileRef = 3B78402D28E4D4E200214729 /* MoviesListService.swift */; };
		3B78403028E4E59800214729 /* MoviesResult.swift in Sources */ = {isa = PBXBuildFile; fileRef = 3B78402F28E4E59800214729 /* MoviesResult.swift */; };
		3B78403328E5C7A000214729 /* ConfigurationService.swift in Sources */ = {isa = PBXBuildFile; fileRef = 3B78403228E5C7A000214729 /* ConfigurationService.swift */; };
		3B78403528E5C7B000214729 /* Configuration.swift in Sources */ = {isa = PBXBuildFile; fileRef = 3B78403428E5C7B000214729 /* Configuration.swift */; };
		3B78403728E5CFA000214729 /* MovieModel.swift in Sources */ = {isa = PBXBuildFile; fileRef = 3B78403628E5CFA000214729 /* MovieModel.swift */; };
		3B78403928E5DC8E00214729 /* ConfigurationModel.swift in Sources */ = {isa = PBXBuildFile; fileRef = 3B78403828E5DC8E00214729 /* ConfigurationModel.swift */; };
		3B78403B28E5DD8100214729 /* ImagesHelper.swift in Sources */ = {isa = PBXBuildFile; fileRef = 3B78403A28E5DD8100214729 /* ImagesHelper.swift */; };
		3B78403E28E5E62A00214729 /* SDWebImage in Frameworks */ = {isa = PBXBuildFile; productRef = 3B78403D28E5E62A00214729 /* SDWebImage */; };
		3BA374D228E6454700A1F9D4 /* RxBlocking in Frameworks */ = {isa = PBXBuildFile; productRef = 3BA374D128E6454700A1F9D4 /* RxBlocking */; };
		3BA374D428E6454700A1F9D4 /* RxCocoa in Frameworks */ = {isa = PBXBuildFile; productRef = 3BA374D328E6454700A1F9D4 /* RxCocoa */; };
		3BA374D628E6454700A1F9D4 /* RxRelay in Frameworks */ = {isa = PBXBuildFile; productRef = 3BA374D528E6454700A1F9D4 /* RxRelay */; };
		3BA374D828E6454700A1F9D4 /* RxSwift in Frameworks */ = {isa = PBXBuildFile; productRef = 3BA374D728E6454700A1F9D4 /* RxSwift */; };
		3BA374DA28E6454700A1F9D4 /* RxTest in Frameworks */ = {isa = PBXBuildFile; productRef = 3BA374D928E6454700A1F9D4 /* RxTest */; };
/* End PBXBuildFile section */

/* Begin PBXContainerItemProxy section */
		3B0DA16328E354460098F8A5 /* PBXContainerItemProxy */ = {
			isa = PBXContainerItemProxy;
			containerPortal = 3B0DA14428E354440098F8A5 /* Project object */;
			proxyType = 1;
			remoteGlobalIDString = 3B0DA14B28E354440098F8A5;
			remoteInfo = MoviesTest;
		};
/* End PBXContainerItemProxy section */

/* Begin PBXFileReference section */
		3B0DA14C28E354440098F8A5 /* MoviesTest.app */ = {isa = PBXFileReference; explicitFileType = wrapper.application; includeInIndex = 0; path = MoviesTest.app; sourceTree = BUILT_PRODUCTS_DIR; };
		3B0DA14F28E354440098F8A5 /* AppDelegate.swift */ = {isa = PBXFileReference; lastKnownFileType = sourcecode.swift; path = AppDelegate.swift; sourceTree = "<group>"; };
		3B0DA15328E354440098F8A5 /* MoviesListViewController.swift */ = {isa = PBXFileReference; lastKnownFileType = sourcecode.swift; path = MoviesListViewController.swift; sourceTree = "<group>"; };
		3B0DA15828E354460098F8A5 /* Assets.xcassets */ = {isa = PBXFileReference; lastKnownFileType = folder.assetcatalog; path = Assets.xcassets; sourceTree = "<group>"; };
		3B0DA15B28E354460098F8A5 /* Base */ = {isa = PBXFileReference; lastKnownFileType = file.storyboard; name = Base; path = Base.lproj/LaunchScreen.storyboard; sourceTree = "<group>"; };
		3B0DA15D28E354460098F8A5 /* Info.plist */ = {isa = PBXFileReference; lastKnownFileType = text.plist.xml; path = Info.plist; sourceTree = "<group>"; };
		3B0DA16228E354460098F8A5 /* MoviesTestTests.xctest */ = {isa = PBXFileReference; explicitFileType = wrapper.cfbundle; includeInIndex = 0; path = MoviesTestTests.xctest; sourceTree = BUILT_PRODUCTS_DIR; };
		3B0DA16628E354460098F8A5 /* MoviesTestTests.swift */ = {isa = PBXFileReference; lastKnownFileType = sourcecode.swift; path = MoviesTestTests.swift; sourceTree = "<group>"; };
		3B0DA17F28E427A20098F8A5 /* Movie.swift */ = {isa = PBXFileReference; lastKnownFileType = sourcecode.swift; path = Movie.swift; sourceTree = "<group>"; };
		3B0DA18228E42E960098F8A5 /* MovieDetails.swift */ = {isa = PBXFileReference; lastKnownFileType = sourcecode.swift; path = MovieDetails.swift; sourceTree = "<group>"; };
		3B0DA19A28E436170098F8A5 /* Coordinatable.swift */ = {isa = PBXFileReference; fileEncoding = 4; lastKnownFileType = sourcecode.swift; path = Coordinatable.swift; sourceTree = "<group>"; };
		3B0DA19B28E436170098F8A5 /* BaseCoordinator.swift */ = {isa = PBXFileReference; fileEncoding = 4; lastKnownFileType = sourcecode.swift; path = BaseCoordinator.swift; sourceTree = "<group>"; };
		3B0DA19D28E436170098F8A5 /* Router.swift */ = {isa = PBXFileReference; fileEncoding = 4; lastKnownFileType = sourcecode.swift; path = Router.swift; sourceTree = "<group>"; };
		3B0DA1A328E4363D0098F8A5 /* BaseViewController.swift */ = {isa = PBXFileReference; fileEncoding = 4; lastKnownFileType = sourcecode.swift; path = BaseViewController.swift; sourceTree = "<group>"; };
		3B0DA1AA28E4363D0098F8A5 /* BaseNavigationController.swift */ = {isa = PBXFileReference; fileEncoding = 4; lastKnownFileType = sourcecode.swift; path = BaseNavigationController.swift; sourceTree = "<group>"; };
		3B0DA1B828E436890098F8A5 /* ApplicationCoordinator.swift */ = {isa = PBXFileReference; fileEncoding = 4; lastKnownFileType = sourcecode.swift; path = ApplicationCoordinator.swift; sourceTree = "<group>"; };
		3B0DA1BA28E437BD0098F8A5 /* ServiceErrorAlertPresenter.swift */ = {isa = PBXFileReference; fileEncoding = 4; lastKnownFileType = sourcecode.swift; path = ServiceErrorAlertPresenter.swift; sourceTree = "<group>"; };
		3B0DA1BD28E437FE0098F8A5 /* ErrorDeclarations.swift */ = {isa = PBXFileReference; fileEncoding = 4; lastKnownFileType = sourcecode.swift; path = ErrorDeclarations.swift; sourceTree = "<group>"; };
		3B78401428E446C100214729 /* AppConstants.swift */ = {isa = PBXFileReference; lastKnownFileType = sourcecode.swift; path = AppConstants.swift; sourceTree = "<group>"; };
		3B78401628E48B6E00214729 /* MoviesListViewModel.swift */ = {isa = PBXFileReference; lastKnownFileType = sourcecode.swift; path = MoviesListViewModel.swift; sourceTree = "<group>"; };
		3B78401828E48DCE00214729 /* BaseViewModel.swift */ = {isa = PBXFileReference; fileEncoding = 4; lastKnownFileType = sourcecode.swift; path = BaseViewModel.swift; sourceTree = "<group>"; };
		3B78401C28E4916500214729 /* Assets.swift */ = {isa = PBXFileReference; fileEncoding = 4; lastKnownFileType = sourcecode.swift; path = Assets.swift; sourceTree = "<group>"; };
		3B78401E28E4B3F000214729 /* MovieCell.swift */ = {isa = PBXFileReference; lastKnownFileType = sourcecode.swift; path = MovieCell.swift; sourceTree = "<group>"; };
		3B78402028E4B43100214729 /* MovieItemViewModel.swift */ = {isa = PBXFileReference; lastKnownFileType = sourcecode.swift; path = MovieItemViewModel.swift; sourceTree = "<group>"; };
		3B78402228E4C14F00214729 /* MovieCell.xib */ = {isa = PBXFileReference; lastKnownFileType = file.xib; path = MovieCell.xib; sourceTree = "<group>"; };
		3B78402628E4C72200214729 /* APIOperation.swift */ = {isa = PBXFileReference; fileEncoding = 4; lastKnownFileType = sourcecode.swift; path = APIOperation.swift; sourceTree = "<group>"; };
		3B78402728E4C72200214729 /* OperationService.swift */ = {isa = PBXFileReference; fileEncoding = 4; lastKnownFileType = sourcecode.swift; path = OperationService.swift; sourceTree = "<group>"; };
		3B78402D28E4D4E200214729 /* MoviesListService.swift */ = {isa = PBXFileReference; lastKnownFileType = sourcecode.swift; path = MoviesListService.swift; sourceTree = "<group>"; };
		3B78402F28E4E59800214729 /* MoviesResult.swift */ = {isa = PBXFileReference; lastKnownFileType = sourcecode.swift; path = MoviesResult.swift; sourceTree = "<group>"; };
		3B78403228E5C7A000214729 /* ConfigurationService.swift */ = {isa = PBXFileReference; lastKnownFileType = sourcecode.swift; path = ConfigurationService.swift; sourceTree = "<group>"; };
		3B78403428E5C7B000214729 /* Configuration.swift */ = {isa = PBXFileReference; lastKnownFileType = sourcecode.swift; path = Configuration.swift; sourceTree = "<group>"; };
		3B78403628E5CFA000214729 /* MovieModel.swift */ = {isa = PBXFileReference; lastKnownFileType = sourcecode.swift; path = MovieModel.swift; sourceTree = "<group>"; };
		3B78403828E5DC8E00214729 /* ConfigurationModel.swift */ = {isa = PBXFileReference; lastKnownFileType = sourcecode.swift; path = ConfigurationModel.swift; sourceTree = "<group>"; };
		3B78403A28E5DD8100214729 /* ImagesHelper.swift */ = {isa = PBXFileReference; lastKnownFileType = sourcecode.swift; path = ImagesHelper.swift; sourceTree = "<group>"; };
/* End PBXFileReference section */

/* Begin PBXFrameworksBuildPhase section */
		3B0DA14928E354440098F8A5 /* Frameworks */ = {
			isa = PBXFrameworksBuildPhase;
			buildActionMask = 2147483647;
			files = (
				3BA374D828E6454700A1F9D4 /* RxSwift in Frameworks */,
				3BA374D628E6454700A1F9D4 /* RxRelay in Frameworks */,
				3B78403E28E5E62A00214729 /* SDWebImage in Frameworks */,
				3B78402C28E4C76F00214729 /* Alamofire in Frameworks */,
				3BA374D428E6454700A1F9D4 /* RxCocoa in Frameworks */,
				3B0DA1C128E43BB70098F8A5 /* SnapKit in Frameworks */,
			);
			runOnlyForDeploymentPostprocessing = 0;
		};
		3B0DA15F28E354460098F8A5 /* Frameworks */ = {
			isa = PBXFrameworksBuildPhase;
			buildActionMask = 2147483647;
			files = (
				3BA374DA28E6454700A1F9D4 /* RxTest in Frameworks */,
				3BA374D228E6454700A1F9D4 /* RxBlocking in Frameworks */,
			);
			runOnlyForDeploymentPostprocessing = 0;
		};
/* End PBXFrameworksBuildPhase section */

/* Begin PBXGroup section */
		3B0DA14328E354440098F8A5 = {
			isa = PBXGroup;
			children = (
				3B0DA14E28E354440098F8A5 /* MoviesTest */,
				3B0DA16528E354460098F8A5 /* MoviesTestTests */,
				3B0DA14D28E354440098F8A5 /* Products */,
			);
			sourceTree = "<group>";
		};
		3B0DA14D28E354440098F8A5 /* Products */ = {
			isa = PBXGroup;
			children = (
				3B0DA14C28E354440098F8A5 /* MoviesTest.app */,
				3B0DA16228E354460098F8A5 /* MoviesTestTests.xctest */,
			);
			name = Products;
			sourceTree = "<group>";
		};
		3B0DA14E28E354440098F8A5 /* MoviesTest */ = {
			isa = PBXGroup;
			children = (
				3B78401128E43FB700214729 /* Flows */,
				3B0DA1BC28E437EF0098F8A5 /* Extensions */,
				3B0DA1A128E4363D0098F8A5 /* BaseClasses */,
				3B0DA19828E436170098F8A5 /* Navigation */,
				3B0DA18628E4317D0098F8A5 /* Networking */,
				3B0DA18128E42B850098F8A5 /* Models */,
				3B0DA14F28E354440098F8A5 /* AppDelegate.swift */,
				3B0DA15828E354460098F8A5 /* Assets.xcassets */,
				3B78401B28E4916500214729 /* Generated */,
				3B0DA15A28E354460098F8A5 /* LaunchScreen.storyboard */,
				3B0DA15D28E354460098F8A5 /* Info.plist */,
				3B78401428E446C100214729 /* AppConstants.swift */,
			);
			path = MoviesTest;
			sourceTree = "<group>";
		};
		3B0DA16528E354460098F8A5 /* MoviesTestTests */ = {
			isa = PBXGroup;
			children = (
				3B0DA16628E354460098F8A5 /* MoviesTestTests.swift */,
			);
			path = MoviesTestTests;
			sourceTree = "<group>";
		};
		3B0DA18128E42B850098F8A5 /* Models */ = {
			isa = PBXGroup;
			children = (
				3B0DA17F28E427A20098F8A5 /* Movie.swift */,
				3B0DA18228E42E960098F8A5 /* MovieDetails.swift */,
				3B78402F28E4E59800214729 /* MoviesResult.swift */,
				3B78403428E5C7B000214729 /* Configuration.swift */,
			);
			path = Models;
			sourceTree = "<group>";
		};
		3B0DA18628E4317D0098F8A5 /* Networking */ = {
			isa = PBXGroup;
			children = (
				3B78402628E4C72200214729 /* APIOperation.swift */,
				3B78402728E4C72200214729 /* OperationService.swift */,
			);
			path = Networking;
			sourceTree = "<group>";
		};
		3B0DA19828E436170098F8A5 /* Navigation */ = {
			isa = PBXGroup;
			children = (
				3B0DA19928E436170098F8A5 /* Coordinator */,
				3B0DA19C28E436170098F8A5 /* Router */,
			);
			path = Navigation;
			sourceTree = "<group>";
		};
		3B0DA19928E436170098F8A5 /* Coordinator */ = {
			isa = PBXGroup;
			children = (
				3B0DA1B828E436890098F8A5 /* ApplicationCoordinator.swift */,
				3B0DA19A28E436170098F8A5 /* Coordinatable.swift */,
				3B0DA19B28E436170098F8A5 /* BaseCoordinator.swift */,
			);
			path = Coordinator;
			sourceTree = "<group>";
		};
		3B0DA19C28E436170098F8A5 /* Router */ = {
			isa = PBXGroup;
			children = (
				3B0DA19D28E436170098F8A5 /* Router.swift */,
			);
			path = Router;
			sourceTree = "<group>";
		};
		3B0DA1A128E4363D0098F8A5 /* BaseClasses */ = {
			isa = PBXGroup;
			children = (
				3B0DA1A328E4363D0098F8A5 /* BaseViewController.swift */,
				3B78401828E48DCE00214729 /* BaseViewModel.swift */,
				3B0DA1AA28E4363D0098F8A5 /* BaseNavigationController.swift */,
			);
			path = BaseClasses;
			sourceTree = "<group>";
		};
		3B0DA1BC28E437EF0098F8A5 /* Extensions */ = {
			isa = PBXGroup;
			children = (
				3B0DA1BD28E437FE0098F8A5 /* ErrorDeclarations.swift */,
				3B0DA1BA28E437BD0098F8A5 /* ServiceErrorAlertPresenter.swift */,
			);
			path = Extensions;
			sourceTree = "<group>";
		};
		3B78401128E43FB700214729 /* Flows */ = {
			isa = PBXGroup;
			children = (
				3B78403128E5C77D00214729 /* Configuration */,
				3B78401228E43FBF00214729 /* MoviesList */,
				3B78401328E43FC700214729 /* MovieDetails */,
			);
			path = Flows;
			sourceTree = "<group>";
		};
		3B78401228E43FBF00214729 /* MoviesList */ = {
			isa = PBXGroup;
			children = (
				3B0DA15328E354440098F8A5 /* MoviesListViewController.swift */,
				3B78401628E48B6E00214729 /* MoviesListViewModel.swift */,
				3B78401E28E4B3F000214729 /* MovieCell.swift */,
				3B78402028E4B43100214729 /* MovieItemViewModel.swift */,
				3B78402228E4C14F00214729 /* MovieCell.xib */,
				3B78402D28E4D4E200214729 /* MoviesListService.swift */,
				3B78403628E5CFA000214729 /* MovieModel.swift */,
				3B78403A28E5DD8100214729 /* ImagesHelper.swift */,
			);
			path = MoviesList;
			sourceTree = "<group>";
		};
		3B78401328E43FC700214729 /* MovieDetails */ = {
			isa = PBXGroup;
			children = (
			);
			path = MovieDetails;
			sourceTree = "<group>";
		};
		3B78401B28E4916500214729 /* Generated */ = {
			isa = PBXGroup;
			children = (
				3B78401C28E4916500214729 /* Assets.swift */,
			);
			path = Generated;
			sourceTree = "<group>";
		};
		3B78403128E5C77D00214729 /* Configuration */ = {
			isa = PBXGroup;
			children = (
				3B78403228E5C7A000214729 /* ConfigurationService.swift */,
				3B78403828E5DC8E00214729 /* ConfigurationModel.swift */,
			);
			path = Configuration;
			sourceTree = "<group>";
		};
/* End PBXGroup section */

/* Begin PBXNativeTarget section */
		3B0DA14B28E354440098F8A5 /* MoviesTest */ = {
			isa = PBXNativeTarget;
			buildConfigurationList = 3B0DA17628E354460098F8A5 /* Build configuration list for PBXNativeTarget "MoviesTest" */;
			buildPhases = (
				3B78401A28E4909400214729 /* swiftgen */,
				3B0DA14828E354440098F8A5 /* Sources */,
				3B0DA14928E354440098F8A5 /* Frameworks */,
				3B0DA14A28E354440098F8A5 /* Resources */,
			);
			buildRules = (
			);
			dependencies = (
			);
			name = MoviesTest;
			packageProductDependencies = (
				3B0DA1C028E43BB70098F8A5 /* SnapKit */,
				3B78402B28E4C76F00214729 /* Alamofire */,
				3B78403D28E5E62A00214729 /* SDWebImage */,
				3BA374D328E6454700A1F9D4 /* RxCocoa */,
				3BA374D528E6454700A1F9D4 /* RxRelay */,
				3BA374D728E6454700A1F9D4 /* RxSwift */,
			);
			productName = MoviesTest;
			productReference = 3B0DA14C28E354440098F8A5 /* MoviesTest.app */;
			productType = "com.apple.product-type.application";
		};
		3B0DA16128E354460098F8A5 /* MoviesTestTests */ = {
			isa = PBXNativeTarget;
			buildConfigurationList = 3B0DA17928E354460098F8A5 /* Build configuration list for PBXNativeTarget "MoviesTestTests" */;
			buildPhases = (
				3B0DA15E28E354460098F8A5 /* Sources */,
				3B0DA15F28E354460098F8A5 /* Frameworks */,
				3B0DA16028E354460098F8A5 /* Resources */,
			);
			buildRules = (
			);
			dependencies = (
				3B0DA16428E354460098F8A5 /* PBXTargetDependency */,
			);
			name = MoviesTestTests;
			packageProductDependencies = (
				3BA374D128E6454700A1F9D4 /* RxBlocking */,
				3BA374D928E6454700A1F9D4 /* RxTest */,
			);
			productName = MoviesTestTests;
			productReference = 3B0DA16228E354460098F8A5 /* MoviesTestTests.xctest */;
			productType = "com.apple.product-type.bundle.unit-test";
		};
/* End PBXNativeTarget section */

/* Begin PBXProject section */
		3B0DA14428E354440098F8A5 /* Project object */ = {
			isa = PBXProject;
			attributes = {
				BuildIndependentTargetsInParallel = 1;
				LastSwiftUpdateCheck = 1400;
				LastUpgradeCheck = 1400;
				TargetAttributes = {
					3B0DA14B28E354440098F8A5 = {
						CreatedOnToolsVersion = 14.0.1;
					};
					3B0DA16128E354460098F8A5 = {
						CreatedOnToolsVersion = 14.0.1;
						TestTargetID = 3B0DA14B28E354440098F8A5;
					};
				};
			};
			buildConfigurationList = 3B0DA14728E354440098F8A5 /* Build configuration list for PBXProject "MoviesTest" */;
			compatibilityVersion = "Xcode 14.0";
			developmentRegion = en;
			hasScannedForEncodings = 0;
			knownRegions = (
				en,
				Base,
			);
			mainGroup = 3B0DA14328E354440098F8A5;
			packageReferences = (
				3B0DA1BF28E43BB70098F8A5 /* XCRemoteSwiftPackageReference "SnapKit" */,
				3B78402A28E4C76F00214729 /* XCRemoteSwiftPackageReference "Alamofire" */,
				3B78403C28E5E62A00214729 /* XCRemoteSwiftPackageReference "SDWebImage" */,
				3BA374D028E6454700A1F9D4 /* XCRemoteSwiftPackageReference "RxSwift" */,
			);
			productRefGroup = 3B0DA14D28E354440098F8A5 /* Products */;
			projectDirPath = "";
			projectRoot = "";
			targets = (
				3B0DA14B28E354440098F8A5 /* MoviesTest */,
				3B0DA16128E354460098F8A5 /* MoviesTestTests */,
			);
		};
/* End PBXProject section */

/* Begin PBXResourcesBuildPhase section */
		3B0DA14A28E354440098F8A5 /* Resources */ = {
			isa = PBXResourcesBuildPhase;
			buildActionMask = 2147483647;
			files = (
				3B78402328E4C14F00214729 /* MovieCell.xib in Resources */,
				3B0DA15C28E354460098F8A5 /* LaunchScreen.storyboard in Resources */,
				3B0DA15928E354460098F8A5 /* Assets.xcassets in Resources */,
			);
			runOnlyForDeploymentPostprocessing = 0;
		};
		3B0DA16028E354460098F8A5 /* Resources */ = {
			isa = PBXResourcesBuildPhase;
			buildActionMask = 2147483647;
			files = (
			);
			runOnlyForDeploymentPostprocessing = 0;
		};
/* End PBXResourcesBuildPhase section */

/* Begin PBXShellScriptBuildPhase section */
		3B78401A28E4909400214729 /* swiftgen */ = {
			isa = PBXShellScriptBuildPhase;
			buildActionMask = 2147483647;
			files = (
			);
			inputFileListPaths = (
			);
			inputPaths = (
			);
			name = swiftgen;
			outputFileListPaths = (
			);
			outputPaths = (
			);
			runOnlyForDeploymentPostprocessing = 0;
			shellPath = /bin/sh;
			shellScript = "swiftgen config run\n";
		};
/* End PBXShellScriptBuildPhase section */

/* Begin PBXSourcesBuildPhase section */
		3B0DA14828E354440098F8A5 /* Sources */ = {
			isa = PBXSourcesBuildPhase;
			buildActionMask = 2147483647;
			files = (
				3B0DA15428E354440098F8A5 /* MoviesListViewController.swift in Sources */,
				3B78402E28E4D4E200214729 /* MoviesListService.swift in Sources */,
				3B78401728E48B6E00214729 /* MoviesListViewModel.swift in Sources */,
				3B78403328E5C7A000214729 /* ConfigurationService.swift in Sources */,
				3B78403028E4E59800214729 /* MoviesResult.swift in Sources */,
				3B78401D28E4916500214729 /* Assets.swift in Sources */,
				3B78403528E5C7B000214729 /* Configuration.swift in Sources */,
				3B78402128E4B43100214729 /* MovieItemViewModel.swift in Sources */,
				3B0DA19F28E436170098F8A5 /* BaseCoordinator.swift in Sources */,
				3B0DA1A028E436170098F8A5 /* Router.swift in Sources */,
				3B0DA1BE28E437FE0098F8A5 /* ErrorDeclarations.swift in Sources */,
				3B78401928E48DCE00214729 /* BaseViewModel.swift in Sources */,
				3B0DA1B928E436890098F8A5 /* ApplicationCoordinator.swift in Sources */,
				3B0DA15028E354440098F8A5 /* AppDelegate.swift in Sources */,
				3B0DA1BB28E437BE0098F8A5 /* ServiceErrorAlertPresenter.swift in Sources */,
				3B0DA1B528E4363D0098F8A5 /* BaseNavigationController.swift in Sources */,
				3B78403928E5DC8E00214729 /* ConfigurationModel.swift in Sources */,
				3B78403B28E5DD8100214729 /* ImagesHelper.swift in Sources */,
				3B0DA18028E427A20098F8A5 /* Movie.swift in Sources */,
				3B0DA1AE28E4363D0098F8A5 /* BaseViewController.swift in Sources */,
				3B78402828E4C72200214729 /* APIOperation.swift in Sources */,
				3B78401528E446C100214729 /* AppConstants.swift in Sources */,
				3B78402928E4C72200214729 /* OperationService.swift in Sources */,
				3B0DA19E28E436170098F8A5 /* Coordinatable.swift in Sources */,
				3B78403728E5CFA000214729 /* MovieModel.swift in Sources */,
				3B0DA18328E42E960098F8A5 /* MovieDetails.swift in Sources */,
				3B78401F28E4B3F000214729 /* MovieCell.swift in Sources */,
			);
			runOnlyForDeploymentPostprocessing = 0;
		};
		3B0DA15E28E354460098F8A5 /* Sources */ = {
			isa = PBXSourcesBuildPhase;
			buildActionMask = 2147483647;
			files = (
				3B0DA16728E354460098F8A5 /* MoviesTestTests.swift in Sources */,
			);
			runOnlyForDeploymentPostprocessing = 0;
		};
/* End PBXSourcesBuildPhase section */

/* Begin PBXTargetDependency section */
		3B0DA16428E354460098F8A5 /* PBXTargetDependency */ = {
			isa = PBXTargetDependency;
			target = 3B0DA14B28E354440098F8A5 /* MoviesTest */;
			targetProxy = 3B0DA16328E354460098F8A5 /* PBXContainerItemProxy */;
		};
/* End PBXTargetDependency section */

/* Begin PBXVariantGroup section */
		3B0DA15A28E354460098F8A5 /* LaunchScreen.storyboard */ = {
			isa = PBXVariantGroup;
			children = (
				3B0DA15B28E354460098F8A5 /* Base */,
			);
			name = LaunchScreen.storyboard;
			sourceTree = "<group>";
		};
/* End PBXVariantGroup section */

/* Begin XCBuildConfiguration section */
		3B0DA17428E354460098F8A5 /* Debug */ = {
			isa = XCBuildConfiguration;
			buildSettings = {
				ALWAYS_SEARCH_USER_PATHS = NO;
				CLANG_ANALYZER_NONNULL = YES;
				CLANG_ANALYZER_NUMBER_OBJECT_CONVERSION = YES_AGGRESSIVE;
				CLANG_CXX_LANGUAGE_STANDARD = "gnu++20";
				CLANG_ENABLE_MODULES = YES;
				CLANG_ENABLE_OBJC_ARC = YES;
				CLANG_ENABLE_OBJC_WEAK = YES;
				CLANG_WARN_BLOCK_CAPTURE_AUTORELEASING = YES;
				CLANG_WARN_BOOL_CONVERSION = YES;
				CLANG_WARN_COMMA = YES;
				CLANG_WARN_CONSTANT_CONVERSION = YES;
				CLANG_WARN_DEPRECATED_OBJC_IMPLEMENTATIONS = YES;
				CLANG_WARN_DIRECT_OBJC_ISA_USAGE = YES_ERROR;
				CLANG_WARN_DOCUMENTATION_COMMENTS = YES;
				CLANG_WARN_EMPTY_BODY = YES;
				CLANG_WARN_ENUM_CONVERSION = YES;
				CLANG_WARN_INFINITE_RECURSION = YES;
				CLANG_WARN_INT_CONVERSION = YES;
				CLANG_WARN_NON_LITERAL_NULL_CONVERSION = YES;
				CLANG_WARN_OBJC_IMPLICIT_RETAIN_SELF = YES;
				CLANG_WARN_OBJC_LITERAL_CONVERSION = YES;
				CLANG_WARN_OBJC_ROOT_CLASS = YES_ERROR;
				CLANG_WARN_QUOTED_INCLUDE_IN_FRAMEWORK_HEADER = YES;
				CLANG_WARN_RANGE_LOOP_ANALYSIS = YES;
				CLANG_WARN_STRICT_PROTOTYPES = YES;
				CLANG_WARN_SUSPICIOUS_MOVE = YES;
				CLANG_WARN_UNGUARDED_AVAILABILITY = YES_AGGRESSIVE;
				CLANG_WARN_UNREACHABLE_CODE = YES;
				CLANG_WARN__DUPLICATE_METHOD_MATCH = YES;
				COPY_PHASE_STRIP = NO;
				DEBUG_INFORMATION_FORMAT = dwarf;
				ENABLE_STRICT_OBJC_MSGSEND = YES;
				ENABLE_TESTABILITY = YES;
				GCC_C_LANGUAGE_STANDARD = gnu11;
				GCC_DYNAMIC_NO_PIC = NO;
				GCC_NO_COMMON_BLOCKS = YES;
				GCC_OPTIMIZATION_LEVEL = 0;
				GCC_PREPROCESSOR_DEFINITIONS = (
					"DEBUG=1",
					"$(inherited)",
				);
				GCC_WARN_64_TO_32_BIT_CONVERSION = YES;
				GCC_WARN_ABOUT_RETURN_TYPE = YES_ERROR;
				GCC_WARN_UNDECLARED_SELECTOR = YES;
				GCC_WARN_UNINITIALIZED_AUTOS = YES_AGGRESSIVE;
				GCC_WARN_UNUSED_FUNCTION = YES;
				GCC_WARN_UNUSED_VARIABLE = YES;
				IPHONEOS_DEPLOYMENT_TARGET = 16.0;
				MTL_ENABLE_DEBUG_INFO = INCLUDE_SOURCE;
				MTL_FAST_MATH = YES;
				ONLY_ACTIVE_ARCH = YES;
				SDKROOT = iphoneos;
				SWIFT_ACTIVE_COMPILATION_CONDITIONS = DEBUG;
				SWIFT_OPTIMIZATION_LEVEL = "-Onone";
			};
			name = Debug;
		};
		3B0DA17528E354460098F8A5 /* Release */ = {
			isa = XCBuildConfiguration;
			buildSettings = {
				ALWAYS_SEARCH_USER_PATHS = NO;
				CLANG_ANALYZER_NONNULL = YES;
				CLANG_ANALYZER_NUMBER_OBJECT_CONVERSION = YES_AGGRESSIVE;
				CLANG_CXX_LANGUAGE_STANDARD = "gnu++20";
				CLANG_ENABLE_MODULES = YES;
				CLANG_ENABLE_OBJC_ARC = YES;
				CLANG_ENABLE_OBJC_WEAK = YES;
				CLANG_WARN_BLOCK_CAPTURE_AUTORELEASING = YES;
				CLANG_WARN_BOOL_CONVERSION = YES;
				CLANG_WARN_COMMA = YES;
				CLANG_WARN_CONSTANT_CONVERSION = YES;
				CLANG_WARN_DEPRECATED_OBJC_IMPLEMENTATIONS = YES;
				CLANG_WARN_DIRECT_OBJC_ISA_USAGE = YES_ERROR;
				CLANG_WARN_DOCUMENTATION_COMMENTS = YES;
				CLANG_WARN_EMPTY_BODY = YES;
				CLANG_WARN_ENUM_CONVERSION = YES;
				CLANG_WARN_INFINITE_RECURSION = YES;
				CLANG_WARN_INT_CONVERSION = YES;
				CLANG_WARN_NON_LITERAL_NULL_CONVERSION = YES;
				CLANG_WARN_OBJC_IMPLICIT_RETAIN_SELF = YES;
				CLANG_WARN_OBJC_LITERAL_CONVERSION = YES;
				CLANG_WARN_OBJC_ROOT_CLASS = YES_ERROR;
				CLANG_WARN_QUOTED_INCLUDE_IN_FRAMEWORK_HEADER = YES;
				CLANG_WARN_RANGE_LOOP_ANALYSIS = YES;
				CLANG_WARN_STRICT_PROTOTYPES = YES;
				CLANG_WARN_SUSPICIOUS_MOVE = YES;
				CLANG_WARN_UNGUARDED_AVAILABILITY = YES_AGGRESSIVE;
				CLANG_WARN_UNREACHABLE_CODE = YES;
				CLANG_WARN__DUPLICATE_METHOD_MATCH = YES;
				COPY_PHASE_STRIP = NO;
				DEBUG_INFORMATION_FORMAT = "dwarf-with-dsym";
				ENABLE_NS_ASSERTIONS = NO;
				ENABLE_STRICT_OBJC_MSGSEND = YES;
				GCC_C_LANGUAGE_STANDARD = gnu11;
				GCC_NO_COMMON_BLOCKS = YES;
				GCC_WARN_64_TO_32_BIT_CONVERSION = YES;
				GCC_WARN_ABOUT_RETURN_TYPE = YES_ERROR;
				GCC_WARN_UNDECLARED_SELECTOR = YES;
				GCC_WARN_UNINITIALIZED_AUTOS = YES_AGGRESSIVE;
				GCC_WARN_UNUSED_FUNCTION = YES;
				GCC_WARN_UNUSED_VARIABLE = YES;
				IPHONEOS_DEPLOYMENT_TARGET = 16.0;
				MTL_ENABLE_DEBUG_INFO = NO;
				MTL_FAST_MATH = YES;
				SDKROOT = iphoneos;
				SWIFT_COMPILATION_MODE = wholemodule;
				SWIFT_OPTIMIZATION_LEVEL = "-O";
				VALIDATE_PRODUCT = YES;
			};
			name = Release;
		};
		3B0DA17728E354460098F8A5 /* Debug */ = {
			isa = XCBuildConfiguration;
			buildSettings = {
				ASSETCATALOG_COMPILER_APPICON_NAME = AppIcon;
				ASSETCATALOG_COMPILER_GLOBAL_ACCENT_COLOR_NAME = AccentColor;
				CODE_SIGN_STYLE = Automatic;
				CURRENT_PROJECT_VERSION = 1;
				GENERATE_INFOPLIST_FILE = YES;
				INFOPLIST_FILE = MoviesTest/Info.plist;
				INFOPLIST_KEY_UIApplicationSupportsIndirectInputEvents = YES;
				INFOPLIST_KEY_UILaunchStoryboardName = LaunchScreen;
				INFOPLIST_KEY_UIMainStoryboardFile = "";
				INFOPLIST_KEY_UISupportedInterfaceOrientations = UIInterfaceOrientationPortrait;
				LD_RUNPATH_SEARCH_PATHS = (
					"$(inherited)",
					"@executable_path/Frameworks",
				);
				MARKETING_VERSION = 1.0;
				PRODUCT_BUNDLE_IDENTIFIER = yassir.noveo.com.MoviesTest;
				PRODUCT_NAME = "$(TARGET_NAME)";
				SUPPORTED_PLATFORMS = "iphoneos iphonesimulator";
				SUPPORTS_MACCATALYST = NO;
				SUPPORTS_MAC_DESIGNED_FOR_IPHONE_IPAD = NO;
				SWIFT_EMIT_LOC_STRINGS = YES;
				SWIFT_VERSION = 5.0;
				TARGETED_DEVICE_FAMILY = 1;
			};
			name = Debug;
		};
		3B0DA17828E354460098F8A5 /* Release */ = {
			isa = XCBuildConfiguration;
			buildSettings = {
				ASSETCATALOG_COMPILER_APPICON_NAME = AppIcon;
				ASSETCATALOG_COMPILER_GLOBAL_ACCENT_COLOR_NAME = AccentColor;
				CODE_SIGN_STYLE = Automatic;
				CURRENT_PROJECT_VERSION = 1;
				GENERATE_INFOPLIST_FILE = YES;
				INFOPLIST_FILE = MoviesTest/Info.plist;
				INFOPLIST_KEY_UIApplicationSupportsIndirectInputEvents = YES;
				INFOPLIST_KEY_UILaunchStoryboardName = LaunchScreen;
				INFOPLIST_KEY_UIMainStoryboardFile = "";
				INFOPLIST_KEY_UISupportedInterfaceOrientations = UIInterfaceOrientationPortrait;
				LD_RUNPATH_SEARCH_PATHS = (
					"$(inherited)",
					"@executable_path/Frameworks",
				);
				MARKETING_VERSION = 1.0;
				PRODUCT_BUNDLE_IDENTIFIER = yassir.noveo.com.MoviesTest;
				PRODUCT_NAME = "$(TARGET_NAME)";
				SUPPORTED_PLATFORMS = "iphoneos iphonesimulator";
				SUPPORTS_MACCATALYST = NO;
				SUPPORTS_MAC_DESIGNED_FOR_IPHONE_IPAD = NO;
				SWIFT_EMIT_LOC_STRINGS = YES;
				SWIFT_VERSION = 5.0;
				TARGETED_DEVICE_FAMILY = 1;
			};
			name = Release;
		};
		3B0DA17A28E354460098F8A5 /* Debug */ = {
			isa = XCBuildConfiguration;
			buildSettings = {
				ALWAYS_EMBED_SWIFT_STANDARD_LIBRARIES = YES;
				BUNDLE_LOADER = "$(TEST_HOST)";
				CODE_SIGN_STYLE = Automatic;
				CURRENT_PROJECT_VERSION = 1;
				GENERATE_INFOPLIST_FILE = YES;
				IPHONEOS_DEPLOYMENT_TARGET = 16.0;
				MARKETING_VERSION = 1.0;
				PRODUCT_BUNDLE_IDENTIFIER = yassir.noveo.com.MoviesTestTests;
				PRODUCT_NAME = "$(TARGET_NAME)";
				SWIFT_EMIT_LOC_STRINGS = NO;
				SWIFT_VERSION = 5.0;
				TARGETED_DEVICE_FAMILY = "1,2";
				TEST_HOST = "$(BUILT_PRODUCTS_DIR)/MoviesTest.app/$(BUNDLE_EXECUTABLE_FOLDER_PATH)/MoviesTest";
			};
			name = Debug;
		};
		3B0DA17B28E354460098F8A5 /* Release */ = {
			isa = XCBuildConfiguration;
			buildSettings = {
				ALWAYS_EMBED_SWIFT_STANDARD_LIBRARIES = YES;
				BUNDLE_LOADER = "$(TEST_HOST)";
				CODE_SIGN_STYLE = Automatic;
				CURRENT_PROJECT_VERSION = 1;
				GENERATE_INFOPLIST_FILE = YES;
				IPHONEOS_DEPLOYMENT_TARGET = 16.0;
				MARKETING_VERSION = 1.0;
				PRODUCT_BUNDLE_IDENTIFIER = yassir.noveo.com.MoviesTestTests;
				PRODUCT_NAME = "$(TARGET_NAME)";
				SWIFT_EMIT_LOC_STRINGS = NO;
				SWIFT_VERSION = 5.0;
				TARGETED_DEVICE_FAMILY = "1,2";
				TEST_HOST = "$(BUILT_PRODUCTS_DIR)/MoviesTest.app/$(BUNDLE_EXECUTABLE_FOLDER_PATH)/MoviesTest";
			};
			name = Release;
		};
/* End XCBuildConfiguration section */

/* Begin XCConfigurationList section */
		3B0DA14728E354440098F8A5 /* Build configuration list for PBXProject "MoviesTest" */ = {
			isa = XCConfigurationList;
			buildConfigurations = (
				3B0DA17428E354460098F8A5 /* Debug */,
				3B0DA17528E354460098F8A5 /* Release */,
			);
			defaultConfigurationIsVisible = 0;
			defaultConfigurationName = Release;
		};
		3B0DA17628E354460098F8A5 /* Build configuration list for PBXNativeTarget "MoviesTest" */ = {
			isa = XCConfigurationList;
			buildConfigurations = (
				3B0DA17728E354460098F8A5 /* Debug */,
				3B0DA17828E354460098F8A5 /* Release */,
			);
			defaultConfigurationIsVisible = 0;
			defaultConfigurationName = Release;
		};
		3B0DA17928E354460098F8A5 /* Build configuration list for PBXNativeTarget "MoviesTestTests" */ = {
			isa = XCConfigurationList;
			buildConfigurations = (
				3B0DA17A28E354460098F8A5 /* Debug */,
				3B0DA17B28E354460098F8A5 /* Release */,
			);
			defaultConfigurationIsVisible = 0;
			defaultConfigurationName = Release;
		};
/* End XCConfigurationList section */

/* Begin XCRemoteSwiftPackageReference section */
		3B0DA1BF28E43BB70098F8A5 /* XCRemoteSwiftPackageReference "SnapKit" */ = {
			isa = XCRemoteSwiftPackageReference;
			repositoryURL = "https://github.com/SnapKit/SnapKit.git";
			requirement = {
				kind = upToNextMajorVersion;
				minimumVersion = 5.0.0;
			};
		};
		3B78402A28E4C76F00214729 /* XCRemoteSwiftPackageReference "Alamofire" */ = {
			isa = XCRemoteSwiftPackageReference;
			repositoryURL = "https://github.com/Alamofire/Alamofire.git";
			requirement = {
				kind = upToNextMajorVersion;
				minimumVersion = 5.0.0;
			};
		};
		3B78403C28E5E62A00214729 /* XCRemoteSwiftPackageReference "SDWebImage" */ = {
			isa = XCRemoteSwiftPackageReference;
			repositoryURL = "https://github.com/SDWebImage/SDWebImage.git";
			requirement = {
				kind = upToNextMajorVersion;
				minimumVersion = 5.0.0;
			};
		};
		3BA374D028E6454700A1F9D4 /* XCRemoteSwiftPackageReference "RxSwift" */ = {
			isa = XCRemoteSwiftPackageReference;
			repositoryURL = "https://github.com/ReactiveX/RxSwift.git";
			requirement = {
				kind = exactVersion;
				version = 6.5.0;
			};
		};
/* End XCRemoteSwiftPackageReference section */

/* Begin XCSwiftPackageProductDependency section */
		3B0DA1C028E43BB70098F8A5 /* SnapKit */ = {
			isa = XCSwiftPackageProductDependency;
			package = 3B0DA1BF28E43BB70098F8A5 /* XCRemoteSwiftPackageReference "SnapKit" */;
			productName = SnapKit;
		};
		3B78402B28E4C76F00214729 /* Alamofire */ = {
			isa = XCSwiftPackageProductDependency;
			package = 3B78402A28E4C76F00214729 /* XCRemoteSwiftPackageReference "Alamofire" */;
			productName = Alamofire;
		};
		3B78403D28E5E62A00214729 /* SDWebImage */ = {
			isa = XCSwiftPackageProductDependency;
			package = 3B78403C28E5E62A00214729 /* XCRemoteSwiftPackageReference "SDWebImage" */;
			productName = SDWebImage;
		};
		3BA374D128E6454700A1F9D4 /* RxBlocking */ = {
			isa = XCSwiftPackageProductDependency;
			package = 3BA374D028E6454700A1F9D4 /* XCRemoteSwiftPackageReference "RxSwift" */;
			productName = RxBlocking;
		};
		3BA374D328E6454700A1F9D4 /* RxCocoa */ = {
			isa = XCSwiftPackageProductDependency;
			package = 3BA374D028E6454700A1F9D4 /* XCRemoteSwiftPackageReference "RxSwift" */;
			productName = RxCocoa;
		};
		3BA374D528E6454700A1F9D4 /* RxRelay */ = {
			isa = XCSwiftPackageProductDependency;
			package = 3BA374D028E6454700A1F9D4 /* XCRemoteSwiftPackageReference "RxSwift" */;
			productName = RxRelay;
		};
		3BA374D728E6454700A1F9D4 /* RxSwift */ = {
			isa = XCSwiftPackageProductDependency;
			package = 3BA374D028E6454700A1F9D4 /* XCRemoteSwiftPackageReference "RxSwift" */;
			productName = RxSwift;
		};
		3BA374D928E6454700A1F9D4 /* RxTest */ = {
			isa = XCSwiftPackageProductDependency;
			package = 3BA374D028E6454700A1F9D4 /* XCRemoteSwiftPackageReference "RxSwift" */;
			productName = RxTest;
		};
/* End XCSwiftPackageProductDependency section */
	};
	rootObject = 3B0DA14428E354440098F8A5 /* Project object */;
}
